{
  "nodes": {
    "flake-utils": {
      "locked": {
        "lastModified": 1678901627,
        "narHash": "sha256-U02riOqrKKzwjsxc/400XnElV+UtPUQWpANPlyazjH0=",
        "owner": "numtide",
        "repo": "flake-utils",
        "rev": "93a2b84fc4b70d9e089d029deacc3583435c2ed6",
        "type": "github"
      },
      "original": {
        "owner": "numtide",
        "repo": "flake-utils",
        "type": "github"
      }
    },
    "nixpkgs": {
      "locked": {
        "lastModified": 1678945781,
        "narHash": "sha256-pbzf5NOfUG+JZeGTx+WvOkL/Vh7mfoRJONTcKOBX4cU=",
        "owner": "NixOS",
        "repo": "nixpkgs",
        "rev": "a094167161f52239e7a0f6ff23eca03173b40973",
        "type": "github"
      },
      "original": {
        "owner": "NixOS",
        "repo": "nixpkgs",
        "type": "github"
      }
    },
    "nixpkgs-fork": {
      "locked": {
        "lastModified": 1678869837,
        "narHash": "sha256-H3K755V2zFu1DyL6+jaMkpXVLuCo7zqzQkdSVWOr50o=",
        "owner": "tricktron",
        "repo": "nixpkgs",
        "rev": "b4c990dbe8183aedb744bacc0291088f4b04b56a",
        "type": "github"
      },
      "original": {
        "owner": "tricktron",
        "ref": "f-kcov-41",
        "repo": "nixpkgs",
        "type": "github"
      }
    },
    "root": {
      "inputs": {
        "flake-utils": "flake-utils",
        "nixpkgs": "nixpkgs",
        "nixpkgs-fork": "nixpkgs-fork"
      }
    }
  },
  "root": "root",
  "version": 7
}
