{
  "nodes": {
    "flake-utils": {
      "locked": {
        "lastModified": 1676283394,
        "narHash": "sha256-XX2f9c3iySLCw54rJ/CZs+ZK6IQy7GXNY4nSOyu2QG4=",
        "owner": "numtide",
        "repo": "flake-utils",
        "rev": "3db36a8b464d0c4532ba1c7dda728f4576d6d073",
        "type": "github"
      },
      "original": {
        "owner": "numtide",
        "repo": "flake-utils",
        "type": "github"
      }
    },
    "nixpkgs": {
      "locked": {
        "lastModified": 1678455506,
        "narHash": "sha256-Bx3kjT/323qE1N94iNUm0rhj8e8NdhQ+Jl8MkZ7gHgw=",
        "owner": "NixOS",
        "repo": "nixpkgs",
        "rev": "f991762ea1345d850c06cd9947700f3b08a12616",
        "type": "github"
      },
      "original": {
        "owner": "NixOS",
        "repo": "nixpkgs",
        "type": "github"
      }
    },
    "nixpkgs-fork": {
      "locked": {
        "lastModified": 1678446637,
        "narHash": "sha256-m2c/S4WYLdHde01Yzab3J6Nqtk5cj60opFmlFJ3tSW0=",
        "owner": "tricktron",
        "repo": "nixpkgs",
        "rev": "b5d534566ab71e4c9d598ae1a4b4855efa640eb0",
        "type": "github"
      },
      "original": {
        "owner": "tricktron",
        "ref": "f-kcov-41",
        "repo": "nixpkgs",
        "type": "github"
      }
    },
    "root": {
      "inputs": {
        "flake-utils": "flake-utils",
        "nixpkgs": "nixpkgs",
        "nixpkgs-fork": "nixpkgs-fork"
      }
    }
  },
  "root": "root",
  "version": 7
}
