{
    "name": "oas3tojsonschema4",
    "version": "3.2.0",
    "lockfileVersion": 3,
    "requires": true,
    "packages": {
        "": {
            "name": "oas3tojsonschema4",
            "version": "3.2.0",
            "dependencies": {
                "@openapi-contrib/openapi-schema-to-json-schema": "^3.2.0"
            },
            "bin": {
                "oas3tojsonschema4": "dist/oas3tojsonschema4.js"
            }
        },
        "node_modules/@openapi-contrib/openapi-schema-to-json-schema": {
            "version": "3.2.0",
            "resolved": "https://registry.npmjs.org/@openapi-contrib/openapi-schema-to-json-schema/-/openapi-schema-to-json-schema-3.2.0.tgz",
            "integrity": "sha512-Gj6C0JwCr8arj0sYuslWXUBSP/KnUlEGnPW4qxlXvAl543oaNQgMgIgkQUA6vs5BCCvwTEiL8m/wdWzfl4UvSw==",
            "dependencies": {
                "fast-deep-equal": "^3.1.3"
            }
        },
        "node_modules/fast-deep-equal": {
            "version": "3.1.3",
            "resolved": "https://registry.npmjs.org/fast-deep-equal/-/fast-deep-equal-3.1.3.tgz",
            "integrity": "sha512-f3qQ9oQy9j2AhBe/H9VC91wLmKBCCU/gDOnKNAYG5hswO7BLKj09Hc5HYNz9cGI++xlpDCIgDaitVs03ATR84Q=="
        }
    }
}
